// !$*UTF8*$!
{
	archiveVersion = 1;
	classes = {
	};
	objectVersion = 50;
	objects = {

/* Begin PBXBuildFile section */
		9804DB19262F73CD000F68DC /* AppDelegate.swift in Sources */ = {isa = PBXBuildFile; fileRef = 9804DB18262F73CD000F68DC /* AppDelegate.swift */; };
		9804DB1B262F73CD000F68DC /* SceneDelegate.swift in Sources */ = {isa = PBXBuildFile; fileRef = 9804DB1A262F73CD000F68DC /* SceneDelegate.swift */; };
		9804DB1D262F73CD000F68DC /* ViewController.swift in Sources */ = {isa = PBXBuildFile; fileRef = 9804DB1C262F73CD000F68DC /* ViewController.swift */; };
		9804DB20262F73CD000F68DC /* Main.storyboard in Resources */ = {isa = PBXBuildFile; fileRef = 9804DB1E262F73CD000F68DC /* Main.storyboard */; };
		9804DB23262F73CD000F68DC /* game_sweep.xcdatamodeld in Sources */ = {isa = PBXBuildFile; fileRef = 9804DB21262F73CD000F68DC /* game_sweep.xcdatamodeld */; };
		9804DB25262F73CF000F68DC /* Assets.xcassets in Resources */ = {isa = PBXBuildFile; fileRef = 9804DB24262F73CF000F68DC /* Assets.xcassets */; };
		9804DB28262F73CF000F68DC /* LaunchScreen.storyboard in Resources */ = {isa = PBXBuildFile; fileRef = 9804DB26262F73CF000F68DC /* LaunchScreen.storyboard */; };
		9804DB33262F73CF000F68DC /* game_sweepTests.swift in Sources */ = {isa = PBXBuildFile; fileRef = 9804DB32262F73CF000F68DC /* game_sweepTests.swift */; };
		9804DB3E262F73CF000F68DC /* game_sweepUITests.swift in Sources */ = {isa = PBXBuildFile; fileRef = 9804DB3D262F73CF000F68DC /* game_sweepUITests.swift */; };
		9804DB4F262F7EE0000F68DC /* EventCell.swift in Sources */ = {isa = PBXBuildFile; fileRef = 9804DB4E262F7EE0000F68DC /* EventCell.swift */; };
		9804DB54262F81B8000F68DC /* Secrets.swift in Sources */ = {isa = PBXBuildFile; fileRef = 9804DB53262F81B8000F68DC /* Secrets.swift */; };
		9804DB59262F85EA000F68DC /* Event.swift in Sources */ = {isa = PBXBuildFile; fileRef = 9804DB58262F85EA000F68DC /* Event.swift */; };
		98350F3B26337D5000C88477 /* DetailViewController.swift in Sources */ = {isa = PBXBuildFile; fileRef = 98350F3A26337D5000C88477 /* DetailViewController.swift */; };
		98350F40263461BD00C88477 /* RoundImageView.swift in Sources */ = {isa = PBXBuildFile; fileRef = 98350F3F263461BD00C88477 /* RoundImageView.swift */; };
		98350F452634627400C88477 /* RectImageView.swift in Sources */ = {isa = PBXBuildFile; fileRef = 98350F442634627400C88477 /* RectImageView.swift */; };
/* End PBXBuildFile section */

/* Begin PBXContainerItemProxy section */
		9804DB2F262F73CF000F68DC /* PBXContainerItemProxy */ = {
			isa = PBXContainerItemProxy;
			containerPortal = 9804DB0D262F73CD000F68DC /* Project object */;
			proxyType = 1;
			remoteGlobalIDString = 9804DB14262F73CD000F68DC;
			remoteInfo = "game-sweep";
		};
		9804DB3A262F73CF000F68DC /* PBXContainerItemProxy */ = {
			isa = PBXContainerItemProxy;
			containerPortal = 9804DB0D262F73CD000F68DC /* Project object */;
			proxyType = 1;
			remoteGlobalIDString = 9804DB14262F73CD000F68DC;
			remoteInfo = "game-sweep";
		};
/* End PBXContainerItemProxy section */

/* Begin PBXFileReference section */
		9804DB15262F73CD000F68DC /* game-sweep.app */ = {isa = PBXFileReference; explicitFileType = wrapper.application; includeInIndex = 0; path = "game-sweep.app"; sourceTree = BUILT_PRODUCTS_DIR; };
		9804DB18262F73CD000F68DC /* AppDelegate.swift */ = {isa = PBXFileReference; lastKnownFileType = sourcecode.swift; path = AppDelegate.swift; sourceTree = "<group>"; };
		9804DB1A262F73CD000F68DC /* SceneDelegate.swift */ = {isa = PBXFileReference; lastKnownFileType = sourcecode.swift; path = SceneDelegate.swift; sourceTree = "<group>"; };
		9804DB1C262F73CD000F68DC /* ViewController.swift */ = {isa = PBXFileReference; lastKnownFileType = sourcecode.swift; path = ViewController.swift; sourceTree = "<group>"; };
		9804DB1F262F73CD000F68DC /* Base */ = {isa = PBXFileReference; lastKnownFileType = file.storyboard; name = Base; path = Base.lproj/Main.storyboard; sourceTree = "<group>"; };
		9804DB22262F73CD000F68DC /* game_sweep.xcdatamodel */ = {isa = PBXFileReference; lastKnownFileType = wrapper.xcdatamodel; path = game_sweep.xcdatamodel; sourceTree = "<group>"; };
		9804DB24262F73CF000F68DC /* Assets.xcassets */ = {isa = PBXFileReference; lastKnownFileType = folder.assetcatalog; path = Assets.xcassets; sourceTree = "<group>"; };
		9804DB27262F73CF000F68DC /* Base */ = {isa = PBXFileReference; lastKnownFileType = file.storyboard; name = Base; path = Base.lproj/LaunchScreen.storyboard; sourceTree = "<group>"; };
		9804DB29262F73CF000F68DC /* Info.plist */ = {isa = PBXFileReference; lastKnownFileType = text.plist.xml; path = Info.plist; sourceTree = "<group>"; };
		9804DB2E262F73CF000F68DC /* game-sweepTests.xctest */ = {isa = PBXFileReference; explicitFileType = wrapper.cfbundle; includeInIndex = 0; path = "game-sweepTests.xctest"; sourceTree = BUILT_PRODUCTS_DIR; };
		9804DB32262F73CF000F68DC /* game_sweepTests.swift */ = {isa = PBXFileReference; lastKnownFileType = sourcecode.swift; path = game_sweepTests.swift; sourceTree = "<group>"; };
		9804DB34262F73CF000F68DC /* Info.plist */ = {isa = PBXFileReference; lastKnownFileType = text.plist.xml; path = Info.plist; sourceTree = "<group>"; };
		9804DB39262F73CF000F68DC /* game-sweepUITests.xctest */ = {isa = PBXFileReference; explicitFileType = wrapper.cfbundle; includeInIndex = 0; path = "game-sweepUITests.xctest"; sourceTree = BUILT_PRODUCTS_DIR; };
		9804DB3D262F73CF000F68DC /* game_sweepUITests.swift */ = {isa = PBXFileReference; lastKnownFileType = sourcecode.swift; path = game_sweepUITests.swift; sourceTree = "<group>"; };
		9804DB3F262F73CF000F68DC /* Info.plist */ = {isa = PBXFileReference; lastKnownFileType = text.plist.xml; path = Info.plist; sourceTree = "<group>"; };
		9804DB4E262F7EE0000F68DC /* EventCell.swift */ = {isa = PBXFileReference; lastKnownFileType = sourcecode.swift; path = EventCell.swift; sourceTree = "<group>"; };
		9804DB53262F81B8000F68DC /* Secrets.swift */ = {isa = PBXFileReference; lastKnownFileType = sourcecode.swift; path = Secrets.swift; sourceTree = "<group>"; };
		9804DB58262F85EA000F68DC /* Event.swift */ = {isa = PBXFileReference; lastKnownFileType = sourcecode.swift; path = Event.swift; sourceTree = "<group>"; };
		98350F3A26337D5000C88477 /* DetailViewController.swift */ = {isa = PBXFileReference; lastKnownFileType = sourcecode.swift; path = DetailViewController.swift; sourceTree = "<group>"; };
		98350F3F263461BD00C88477 /* RoundImageView.swift */ = {isa = PBXFileReference; lastKnownFileType = sourcecode.swift; path = RoundImageView.swift; sourceTree = "<group>"; };
		98350F442634627400C88477 /* RectImageView.swift */ = {isa = PBXFileReference; lastKnownFileType = sourcecode.swift; path = RectImageView.swift; sourceTree = "<group>"; };
/* End PBXFileReference section */

/* Begin PBXFrameworksBuildPhase section */
		9804DB12262F73CD000F68DC /* Frameworks */ = {
			isa = PBXFrameworksBuildPhase;
			buildActionMask = 2147483647;
			files = (
			);
			runOnlyForDeploymentPostprocessing = 0;
		};
		9804DB2B262F73CF000F68DC /* Frameworks */ = {
			isa = PBXFrameworksBuildPhase;
			buildActionMask = 2147483647;
			files = (
			);
			runOnlyForDeploymentPostprocessing = 0;
		};
		9804DB36262F73CF000F68DC /* Frameworks */ = {
			isa = PBXFrameworksBuildPhase;
			buildActionMask = 2147483647;
			files = (
			);
			runOnlyForDeploymentPostprocessing = 0;
		};
/* End PBXFrameworksBuildPhase section */

/* Begin PBXGroup section */
		9804DB0C262F73CD000F68DC = {
			isa = PBXGroup;
			children = (
				9804DB17262F73CD000F68DC /* game-sweep */,
				9804DB31262F73CF000F68DC /* game-sweepTests */,
				9804DB3C262F73CF000F68DC /* game-sweepUITests */,
				9804DB16262F73CD000F68DC /* Products */,
			);
			sourceTree = "<group>";
		};
		9804DB16262F73CD000F68DC /* Products */ = {
			isa = PBXGroup;
			children = (
				9804DB15262F73CD000F68DC /* game-sweep.app */,
				9804DB2E262F73CF000F68DC /* game-sweepTests.xctest */,
				9804DB39262F73CF000F68DC /* game-sweepUITests.xctest */,
			);
			name = Products;
			sourceTree = "<group>";
		};
		9804DB17262F73CD000F68DC /* game-sweep */ = {
			isa = PBXGroup;
			children = (
				98350F4926346D3800C88477 /* Models */,
				98350F4A26346D4300C88477 /* Views */,
				98350F4B26346D4800C88477 /* Controllers */,
				98350F50263471EC00C88477 /* Constants */,
				98350F4C263471B300C88477 /* SupportFiles */,
				9804DB21262F73CD000F68DC /* game_sweep.xcdatamodeld */,
			);
			path = "game-sweep";
			sourceTree = "<group>";
		};
		9804DB31262F73CF000F68DC /* game-sweepTests */ = {
			isa = PBXGroup;
			children = (
				9804DB32262F73CF000F68DC /* game_sweepTests.swift */,
				9804DB34262F73CF000F68DC /* Info.plist */,
			);
			path = "game-sweepTests";
			sourceTree = "<group>";
		};
		9804DB3C262F73CF000F68DC /* game-sweepUITests */ = {
			isa = PBXGroup;
			children = (
				9804DB3D262F73CF000F68DC /* game_sweepUITests.swift */,
				9804DB3F262F73CF000F68DC /* Info.plist */,
			);
			path = "game-sweepUITests";
			sourceTree = "<group>";
		};
		98350F4926346D3800C88477 /* Models */ = {
			isa = PBXGroup;
			children = (
				9804DB58262F85EA000F68DC /* Event.swift */,
				9804DB4E262F7EE0000F68DC /* EventCell.swift */,
			);
			path = Models;
			sourceTree = "<group>";
		};
		98350F4A26346D4300C88477 /* Views */ = {
			isa = PBXGroup;
			children = (
				98350F3F263461BD00C88477 /* RoundImageView.swift */,
				98350F442634627400C88477 /* RectImageView.swift */,
			);
			path = Views;
			sourceTree = "<group>";
		};
		98350F4B26346D4800C88477 /* Controllers */ = {
			isa = PBXGroup;
			children = (
				9804DB1C262F73CD000F68DC /* ViewController.swift */,
				98350F3A26337D5000C88477 /* DetailViewController.swift */,
			);
			path = Controllers;
			sourceTree = "<group>";
		};
		98350F4C263471B300C88477 /* SupportFiles */ = {
			isa = PBXGroup;
			children = (
				9804DB1A262F73CD000F68DC /* SceneDelegate.swift */,
				9804DB18262F73CD000F68DC /* AppDelegate.swift */,
				9804DB24262F73CF000F68DC /* Assets.xcassets */,
				9804DB1E262F73CD000F68DC /* Main.storyboard */,
				9804DB26262F73CF000F68DC /* LaunchScreen.storyboard */,
			);
			path = SupportFiles;
			sourceTree = "<group>";
		};
		98350F50263471EC00C88477 /* Constants */ = {
			isa = PBXGroup;
			children = (
				9804DB53262F81B8000F68DC /* Secrets.swift */,
				9804DB29262F73CF000F68DC /* Info.plist */,
			);
			path = Constants;
			sourceTree = "<group>";
		};
/* End PBXGroup section */

/* Begin PBXNativeTarget section */
		9804DB14262F73CD000F68DC /* game-sweep */ = {
			isa = PBXNativeTarget;
			buildConfigurationList = 9804DB42262F73CF000F68DC /* Build configuration list for PBXNativeTarget "game-sweep" */;
			buildPhases = (
				9804DB11262F73CD000F68DC /* Sources */,
				9804DB12262F73CD000F68DC /* Frameworks */,
				9804DB13262F73CD000F68DC /* Resources */,
			);
			buildRules = (
			);
			dependencies = (
			);
			name = "game-sweep";
			productName = "game-sweep";
			productReference = 9804DB15262F73CD000F68DC /* game-sweep.app */;
			productType = "com.apple.product-type.application";
		};
		9804DB2D262F73CF000F68DC /* game-sweepTests */ = {
			isa = PBXNativeTarget;
			buildConfigurationList = 9804DB45262F73CF000F68DC /* Build configuration list for PBXNativeTarget "game-sweepTests" */;
			buildPhases = (
				9804DB2A262F73CF000F68DC /* Sources */,
				9804DB2B262F73CF000F68DC /* Frameworks */,
				9804DB2C262F73CF000F68DC /* Resources */,
			);
			buildRules = (
			);
			dependencies = (
				9804DB30262F73CF000F68DC /* PBXTargetDependency */,
			);
			name = "game-sweepTests";
			productName = "game-sweepTests";
			productReference = 9804DB2E262F73CF000F68DC /* game-sweepTests.xctest */;
			productType = "com.apple.product-type.bundle.unit-test";
		};
		9804DB38262F73CF000F68DC /* game-sweepUITests */ = {
			isa = PBXNativeTarget;
			buildConfigurationList = 9804DB48262F73CF000F68DC /* Build configuration list for PBXNativeTarget "game-sweepUITests" */;
			buildPhases = (
				9804DB35262F73CF000F68DC /* Sources */,
				9804DB36262F73CF000F68DC /* Frameworks */,
				9804DB37262F73CF000F68DC /* Resources */,
			);
			buildRules = (
			);
			dependencies = (
				9804DB3B262F73CF000F68DC /* PBXTargetDependency */,
			);
			name = "game-sweepUITests";
			productName = "game-sweepUITests";
			productReference = 9804DB39262F73CF000F68DC /* game-sweepUITests.xctest */;
			productType = "com.apple.product-type.bundle.ui-testing";
		};
/* End PBXNativeTarget section */

/* Begin PBXProject section */
		9804DB0D262F73CD000F68DC /* Project object */ = {
			isa = PBXProject;
			attributes = {
				LastSwiftUpdateCheck = 1240;
				LastUpgradeCheck = 1240;
				TargetAttributes = {
					9804DB14262F73CD000F68DC = {
						CreatedOnToolsVersion = 12.4;
					};
					9804DB2D262F73CF000F68DC = {
						CreatedOnToolsVersion = 12.4;
						TestTargetID = 9804DB14262F73CD000F68DC;
					};
					9804DB38262F73CF000F68DC = {
						CreatedOnToolsVersion = 12.4;
						TestTargetID = 9804DB14262F73CD000F68DC;
					};
				};
			};
			buildConfigurationList = 9804DB10262F73CD000F68DC /* Build configuration list for PBXProject "game-sweep" */;
			compatibilityVersion = "Xcode 9.3";
			developmentRegion = en;
			hasScannedForEncodings = 0;
			knownRegions = (
				en,
				Base,
			);
			mainGroup = 9804DB0C262F73CD000F68DC;
			productRefGroup = 9804DB16262F73CD000F68DC /* Products */;
			projectDirPath = "";
			projectRoot = "";
			targets = (
				9804DB14262F73CD000F68DC /* game-sweep */,
				9804DB2D262F73CF000F68DC /* game-sweepTests */,
				9804DB38262F73CF000F68DC /* game-sweepUITests */,
			);
		};
/* End PBXProject section */

/* Begin PBXResourcesBuildPhase section */
		9804DB13262F73CD000F68DC /* Resources */ = {
			isa = PBXResourcesBuildPhase;
			buildActionMask = 2147483647;
			files = (
				9804DB28262F73CF000F68DC /* LaunchScreen.storyboard in Resources */,
				9804DB25262F73CF000F68DC /* Assets.xcassets in Resources */,
				9804DB20262F73CD000F68DC /* Main.storyboard in Resources */,
			);
			runOnlyForDeploymentPostprocessing = 0;
		};
		9804DB2C262F73CF000F68DC /* Resources */ = {
			isa = PBXResourcesBuildPhase;
			buildActionMask = 2147483647;
			files = (
			);
			runOnlyForDeploymentPostprocessing = 0;
		};
		9804DB37262F73CF000F68DC /* Resources */ = {
			isa = PBXResourcesBuildPhase;
			buildActionMask = 2147483647;
			files = (
			);
			runOnlyForDeploymentPostprocessing = 0;
		};
/* End PBXResourcesBuildPhase section */

/* Begin PBXSourcesBuildPhase section */
		9804DB11262F73CD000F68DC /* Sources */ = {
			isa = PBXSourcesBuildPhase;
			buildActionMask = 2147483647;
			files = (
				9804DB23262F73CD000F68DC /* game_sweep.xcdatamodeld in Sources */,
				9804DB54262F81B8000F68DC /* Secrets.swift in Sources */,
				9804DB1D262F73CD000F68DC /* ViewController.swift in Sources */,
				9804DB4F262F7EE0000F68DC /* EventCell.swift in Sources */,
				98350F452634627400C88477 /* RectImageView.swift in Sources */,
				9804DB19262F73CD000F68DC /* AppDelegate.swift in Sources */,
				9804DB59262F85EA000F68DC /* Event.swift in Sources */,
				9804DB1B262F73CD000F68DC /* SceneDelegate.swift in Sources */,
				98350F3B26337D5000C88477 /* DetailViewController.swift in Sources */,
				98350F40263461BD00C88477 /* RoundImageView.swift in Sources */,
			);
			runOnlyForDeploymentPostprocessing = 0;
		};
		9804DB2A262F73CF000F68DC /* Sources */ = {
			isa = PBXSourcesBuildPhase;
			buildActionMask = 2147483647;
			files = (
				9804DB33262F73CF000F68DC /* game_sweepTests.swift in Sources */,
			);
			runOnlyForDeploymentPostprocessing = 0;
		};
		9804DB35262F73CF000F68DC /* Sources */ = {
			isa = PBXSourcesBuildPhase;
			buildActionMask = 2147483647;
			files = (
				9804DB3E262F73CF000F68DC /* game_sweepUITests.swift in Sources */,
			);
			runOnlyForDeploymentPostprocessing = 0;
		};
/* End PBXSourcesBuildPhase section */

/* Begin PBXTargetDependency section */
		9804DB30262F73CF000F68DC /* PBXTargetDependency */ = {
			isa = PBXTargetDependency;
			target = 9804DB14262F73CD000F68DC /* game-sweep */;
			targetProxy = 9804DB2F262F73CF000F68DC /* PBXContainerItemProxy */;
		};
		9804DB3B262F73CF000F68DC /* PBXTargetDependency */ = {
			isa = PBXTargetDependency;
			target = 9804DB14262F73CD000F68DC /* game-sweep */;
			targetProxy = 9804DB3A262F73CF000F68DC /* PBXContainerItemProxy */;
		};
/* End PBXTargetDependency section */

/* Begin PBXVariantGroup section */
		9804DB1E262F73CD000F68DC /* Main.storyboard */ = {
			isa = PBXVariantGroup;
			children = (
				9804DB1F262F73CD000F68DC /* Base */,
			);
			name = Main.storyboard;
			sourceTree = "<group>";
		};
		9804DB26262F73CF000F68DC /* LaunchScreen.storyboard */ = {
			isa = PBXVariantGroup;
			children = (
				9804DB27262F73CF000F68DC /* Base */,
			);
			name = LaunchScreen.storyboard;
			sourceTree = "<group>";
		};
/* End PBXVariantGroup section */

/* Begin XCBuildConfiguration section */
		9804DB40262F73CF000F68DC /* Debug */ = {
			isa = XCBuildConfiguration;
			buildSettings = {
				ALWAYS_SEARCH_USER_PATHS = NO;
				CLANG_ANALYZER_NONNULL = YES;
				CLANG_ANALYZER_NUMBER_OBJECT_CONVERSION = YES_AGGRESSIVE;
				CLANG_CXX_LANGUAGE_STANDARD = "gnu++14";
				CLANG_CXX_LIBRARY = "libc++";
				CLANG_ENABLE_MODULES = YES;
				CLANG_ENABLE_OBJC_ARC = YES;
				CLANG_ENABLE_OBJC_WEAK = YES;
				CLANG_WARN_BLOCK_CAPTURE_AUTORELEASING = YES;
				CLANG_WARN_BOOL_CONVERSION = YES;
				CLANG_WARN_COMMA = YES;
				CLANG_WARN_CONSTANT_CONVERSION = YES;
				CLANG_WARN_DEPRECATED_OBJC_IMPLEMENTATIONS = YES;
				CLANG_WARN_DIRECT_OBJC_ISA_USAGE = YES_ERROR;
				CLANG_WARN_DOCUMENTATION_COMMENTS = YES;
				CLANG_WARN_EMPTY_BODY = YES;
				CLANG_WARN_ENUM_CONVERSION = YES;
				CLANG_WARN_INFINITE_RECURSION = YES;
				CLANG_WARN_INT_CONVERSION = YES;
				CLANG_WARN_NON_LITERAL_NULL_CONVERSION = YES;
				CLANG_WARN_OBJC_IMPLICIT_RETAIN_SELF = YES;
				CLANG_WARN_OBJC_LITERAL_CONVERSION = YES;
				CLANG_WARN_OBJC_ROOT_CLASS = YES_ERROR;
				CLANG_WARN_QUOTED_INCLUDE_IN_FRAMEWORK_HEADER = YES;
				CLANG_WARN_RANGE_LOOP_ANALYSIS = YES;
				CLANG_WARN_STRICT_PROTOTYPES = YES;
				CLANG_WARN_SUSPICIOUS_MOVE = YES;
				CLANG_WARN_UNGUARDED_AVAILABILITY = YES_AGGRESSIVE;
				CLANG_WARN_UNREACHABLE_CODE = YES;
				CLANG_WARN__DUPLICATE_METHOD_MATCH = YES;
				COPY_PHASE_STRIP = NO;
				DEBUG_INFORMATION_FORMAT = dwarf;
				ENABLE_STRICT_OBJC_MSGSEND = YES;
				ENABLE_TESTABILITY = YES;
				GCC_C_LANGUAGE_STANDARD = gnu11;
				GCC_DYNAMIC_NO_PIC = NO;
				GCC_NO_COMMON_BLOCKS = YES;
				GCC_OPTIMIZATION_LEVEL = 0;
				GCC_PREPROCESSOR_DEFINITIONS = (
					"DEBUG=1",
					"$(inherited)",
				);
				GCC_WARN_64_TO_32_BIT_CONVERSION = YES;
				GCC_WARN_ABOUT_RETURN_TYPE = YES_ERROR;
				GCC_WARN_UNDECLARED_SELECTOR = YES;
				GCC_WARN_UNINITIALIZED_AUTOS = YES_AGGRESSIVE;
				GCC_WARN_UNUSED_FUNCTION = YES;
				GCC_WARN_UNUSED_VARIABLE = YES;
				IPHONEOS_DEPLOYMENT_TARGET = 14.4;
				MTL_ENABLE_DEBUG_INFO = INCLUDE_SOURCE;
				MTL_FAST_MATH = YES;
				ONLY_ACTIVE_ARCH = YES;
				SDKROOT = iphoneos;
				SWIFT_ACTIVE_COMPILATION_CONDITIONS = DEBUG;
				SWIFT_OPTIMIZATION_LEVEL = "-Onone";
			};
			name = Debug;
		};
		9804DB41262F73CF000F68DC /* Release */ = {
			isa = XCBuildConfiguration;
			buildSettings = {
				ALWAYS_SEARCH_USER_PATHS = NO;
				CLANG_ANALYZER_NONNULL = YES;
				CLANG_ANALYZER_NUMBER_OBJECT_CONVERSION = YES_AGGRESSIVE;
				CLANG_CXX_LANGUAGE_STANDARD = "gnu++14";
				CLANG_CXX_LIBRARY = "libc++";
				CLANG_ENABLE_MODULES = YES;
				CLANG_ENABLE_OBJC_ARC = YES;
				CLANG_ENABLE_OBJC_WEAK = YES;
				CLANG_WARN_BLOCK_CAPTURE_AUTORELEASING = YES;
				CLANG_WARN_BOOL_CONVERSION = YES;
				CLANG_WARN_COMMA = YES;
				CLANG_WARN_CONSTANT_CONVERSION = YES;
				CLANG_WARN_DEPRECATED_OBJC_IMPLEMENTATIONS = YES;
				CLANG_WARN_DIRECT_OBJC_ISA_USAGE = YES_ERROR;
				CLANG_WARN_DOCUMENTATION_COMMENTS = YES;
				CLANG_WARN_EMPTY_BODY = YES;
				CLANG_WARN_ENUM_CONVERSION = YES;
				CLANG_WARN_INFINITE_RECURSION = YES;
				CLANG_WARN_INT_CONVERSION = YES;
				CLANG_WARN_NON_LITERAL_NULL_CONVERSION = YES;
				CLANG_WARN_OBJC_IMPLICIT_RETAIN_SELF = YES;
				CLANG_WARN_OBJC_LITERAL_CONVERSION = YES;
				CLANG_WARN_OBJC_ROOT_CLASS = YES_ERROR;
				CLANG_WARN_QUOTED_INCLUDE_IN_FRAMEWORK_HEADER = YES;
				CLANG_WARN_RANGE_LOOP_ANALYSIS = YES;
				CLANG_WARN_STRICT_PROTOTYPES = YES;
				CLANG_WARN_SUSPICIOUS_MOVE = YES;
				CLANG_WARN_UNGUARDED_AVAILABILITY = YES_AGGRESSIVE;
				CLANG_WARN_UNREACHABLE_CODE = YES;
				CLANG_WARN__DUPLICATE_METHOD_MATCH = YES;
				COPY_PHASE_STRIP = NO;
				DEBUG_INFORMATION_FORMAT = "dwarf-with-dsym";
				ENABLE_NS_ASSERTIONS = NO;
				ENABLE_STRICT_OBJC_MSGSEND = YES;
				GCC_C_LANGUAGE_STANDARD = gnu11;
				GCC_NO_COMMON_BLOCKS = YES;
				GCC_WARN_64_TO_32_BIT_CONVERSION = YES;
				GCC_WARN_ABOUT_RETURN_TYPE = YES_ERROR;
				GCC_WARN_UNDECLARED_SELECTOR = YES;
				GCC_WARN_UNINITIALIZED_AUTOS = YES_AGGRESSIVE;
				GCC_WARN_UNUSED_FUNCTION = YES;
				GCC_WARN_UNUSED_VARIABLE = YES;
				IPHONEOS_DEPLOYMENT_TARGET = 14.4;
				MTL_ENABLE_DEBUG_INFO = NO;
				MTL_FAST_MATH = YES;
				SDKROOT = iphoneos;
				SWIFT_COMPILATION_MODE = wholemodule;
				SWIFT_OPTIMIZATION_LEVEL = "-O";
				VALIDATE_PRODUCT = YES;
			};
			name = Release;
		};
		9804DB43262F73CF000F68DC /* Debug */ = {
			isa = XCBuildConfiguration;
			buildSettings = {
				ASSETCATALOG_COMPILER_APPICON_NAME = AppIcon;
				ASSETCATALOG_COMPILER_GLOBAL_ACCENT_COLOR_NAME = AccentColor;
				CODE_SIGN_STYLE = Automatic;
				INFOPLIST_FILE = "game-sweep/Info.plist";
				LD_RUNPATH_SEARCH_PATHS = (
					"$(inherited)",
					"@executable_path/Frameworks",
				);
				PRODUCT_BUNDLE_IDENTIFIER = "david-kumar.game-sweep";
				PRODUCT_NAME = "$(TARGET_NAME)";
				SWIFT_VERSION = 5.0;
				TARGETED_DEVICE_FAMILY = "1,2";
			};
			name = Debug;
		};
		9804DB44262F73CF000F68DC /* Release */ = {
			isa = XCBuildConfiguration;
			buildSettings = {
				ASSETCATALOG_COMPILER_APPICON_NAME = AppIcon;
				ASSETCATALOG_COMPILER_GLOBAL_ACCENT_COLOR_NAME = AccentColor;
				CODE_SIGN_STYLE = Automatic;
				INFOPLIST_FILE = "game-sweep/Info.plist";
				LD_RUNPATH_SEARCH_PATHS = (
					"$(inherited)",
					"@executable_path/Frameworks",
				);
				PRODUCT_BUNDLE_IDENTIFIER = "david-kumar.game-sweep";
				PRODUCT_NAME = "$(TARGET_NAME)";
				SWIFT_VERSION = 5.0;
				TARGETED_DEVICE_FAMILY = "1,2";
			};
			name = Release;
		};
		9804DB46262F73CF000F68DC /* Debug */ = {
			isa = XCBuildConfiguration;
			buildSettings = {
				ALWAYS_EMBED_SWIFT_STANDARD_LIBRARIES = YES;
				BUNDLE_LOADER = "$(TEST_HOST)";
				CODE_SIGN_STYLE = Automatic;
				INFOPLIST_FILE = "game-sweepTests/Info.plist";
				IPHONEOS_DEPLOYMENT_TARGET = 14.4;
				LD_RUNPATH_SEARCH_PATHS = (
					"$(inherited)",
					"@executable_path/Frameworks",
					"@loader_path/Frameworks",
				);
				PRODUCT_BUNDLE_IDENTIFIER = "david-kumar.game-sweepTests";
				PRODUCT_NAME = "$(TARGET_NAME)";
				SWIFT_VERSION = 5.0;
				TARGETED_DEVICE_FAMILY = "1,2";
				TEST_HOST = "$(BUILT_PRODUCTS_DIR)/game-sweep.app/game-sweep";
			};
			name = Debug;
		};
		9804DB47262F73CF000F68DC /* Release */ = {
			isa = XCBuildConfiguration;
			buildSettings = {
				ALWAYS_EMBED_SWIFT_STANDARD_LIBRARIES = YES;
				BUNDLE_LOADER = "$(TEST_HOST)";
				CODE_SIGN_STYLE = Automatic;
				INFOPLIST_FILE = "game-sweepTests/Info.plist";
				IPHONEOS_DEPLOYMENT_TARGET = 14.4;
				LD_RUNPATH_SEARCH_PATHS = (
					"$(inherited)",
					"@executable_path/Frameworks",
					"@loader_path/Frameworks",
				);
				PRODUCT_BUNDLE_IDENTIFIER = "david-kumar.game-sweepTests";
				PRODUCT_NAME = "$(TARGET_NAME)";
				SWIFT_VERSION = 5.0;
				TARGETED_DEVICE_FAMILY = "1,2";
				TEST_HOST = "$(BUILT_PRODUCTS_DIR)/game-sweep.app/game-sweep";
			};
			name = Release;
		};
		9804DB49262F73CF000F68DC /* Debug */ = {
			isa = XCBuildConfiguration;
			buildSettings = {
				ALWAYS_EMBED_SWIFT_STANDARD_LIBRARIES = YES;
				CODE_SIGN_STYLE = Automatic;
				INFOPLIST_FILE = "game-sweepUITests/Info.plist";
				LD_RUNPATH_SEARCH_PATHS = (
					"$(inherited)",
					"@executable_path/Frameworks",
					"@loader_path/Frameworks",
				);
				PRODUCT_BUNDLE_IDENTIFIER = "david-kumar.game-sweepUITests";
				PRODUCT_NAME = "$(TARGET_NAME)";
				SWIFT_VERSION = 5.0;
				TARGETED_DEVICE_FAMILY = "1,2";
				TEST_TARGET_NAME = "game-sweep";
			};
			name = Debug;
		};
		9804DB4A262F73CF000F68DC /* Release */ = {
			isa = XCBuildConfiguration;
			buildSettings = {
				ALWAYS_EMBED_SWIFT_STANDARD_LIBRARIES = YES;
				CODE_SIGN_STYLE = Automatic;
				INFOPLIST_FILE = "game-sweepUITests/Info.plist";
				LD_RUNPATH_SEARCH_PATHS = (
					"$(inherited)",
					"@executable_path/Frameworks",
					"@loader_path/Frameworks",
				);
				PRODUCT_BUNDLE_IDENTIFIER = "david-kumar.game-sweepUITests";
				PRODUCT_NAME = "$(TARGET_NAME)";
				SWIFT_VERSION = 5.0;
				TARGETED_DEVICE_FAMILY = "1,2";
				TEST_TARGET_NAME = "game-sweep";
			};
			name = Release;
		};
/* End XCBuildConfiguration section */

/* Begin XCConfigurationList section */
		9804DB10262F73CD000F68DC /* Build configuration list for PBXProject "game-sweep" */ = {
			isa = XCConfigurationList;
			buildConfigurations = (
				9804DB40262F73CF000F68DC /* Debug */,
				9804DB41262F73CF000F68DC /* Release */,
			);
			defaultConfigurationIsVisible = 0;
			defaultConfigurationName = Release;
		};
		9804DB42262F73CF000F68DC /* Build configuration list for PBXNativeTarget "game-sweep" */ = {
			isa = XCConfigurationList;
			buildConfigurations = (
				9804DB43262F73CF000F68DC /* Debug */,
				9804DB44262F73CF000F68DC /* Release */,
			);
			defaultConfigurationIsVisible = 0;
			defaultConfigurationName = Release;
		};
		9804DB45262F73CF000F68DC /* Build configuration list for PBXNativeTarget "game-sweepTests" */ = {
			isa = XCConfigurationList;
			buildConfigurations = (
				9804DB46262F73CF000F68DC /* Debug */,
				9804DB47262F73CF000F68DC /* Release */,
			);
			defaultConfigurationIsVisible = 0;
			defaultConfigurationName = Release;
		};
		9804DB48262F73CF000F68DC /* Build configuration list for PBXNativeTarget "game-sweepUITests" */ = {
			isa = XCConfigurationList;
			buildConfigurations = (
				9804DB49262F73CF000F68DC /* Debug */,
				9804DB4A262F73CF000F68DC /* Release */,
			);
			defaultConfigurationIsVisible = 0;
			defaultConfigurationName = Release;
		};
/* End XCConfigurationList section */

/* Begin XCVersionGroup section */
		9804DB21262F73CD000F68DC /* game_sweep.xcdatamodeld */ = {
			isa = XCVersionGroup;
			children = (
				9804DB22262F73CD000F68DC /* game_sweep.xcdatamodel */,
			);
			currentVersion = 9804DB22262F73CD000F68DC /* game_sweep.xcdatamodel */;
			path = game_sweep.xcdatamodeld;
			sourceTree = "<group>";
			versionGroupType = wrapper.xcdatamodel;
		};
/* End XCVersionGroup section */
	};
	rootObject = 9804DB0D262F73CD000F68DC /* Project object */;
}
